
Microsoft Visual Studio Solution File, Format Version 12.00
# Visual Studio 15
VisualStudioVersion = 15.0.28307.329
MinimumVisualStudioVersion = 10.0.40219.1
Project("{FAE04EC0-301F-11D3-BF4B-00C04F79EFBC}") = "WinFormCalculator", "WinFormCalculator\WinFormCalculator.csproj", "{54D06A1E-CAB3-4E19-BAAD-046298CD15F5}"
	ProjectSection(ProjectDependencies) = postProject
		{6462023F-C30A-4C5B-8506-17AEB61E6FA4} = {6462023F-C30A-4C5B-8506-17AEB61E6FA4}
	EndProjectSection
EndProject
Project("{FAE04EC0-301F-11D3-BF4B-00C04F79EFBC}") = "AuthService", "AuthService\AuthService.csproj", "{6462023F-C30A-4C5B-8506-17AEB61E6FA4}"
EndProject
Global
	GlobalSection(SolutionConfigurationPlatforms) = preSolution
		Debug|Any CPU = Debug|Any CPU
		Release|Any CPU = Release|Any CPU
	EndGlobalSection
	GlobalSection(ProjectConfigurationPlatforms) = postSolution
		{54D06A1E-CAB3-4E19-BAAD-046298CD15F5}.Debug|Any CPU.ActiveCfg = Debug|Any CPU
		{54D06A1E-CAB3-4E19-BAAD-046298CD15F5}.Debug|Any CPU.Build.0 = Debug|Any CPU
		{54D06A1E-CAB3-4E19-BAAD-046298CD15F5}.Release|Any CPU.ActiveCfg = Release|Any CPU
		{54D06A1E-CAB3-4E19-BAAD-046298CD15F5}.Release|Any CPU.Build.0 = Release|Any CPU
		{6462023F-C30A-4C5B-8506-17AEB61E6FA4}.Debug|Any CPU.ActiveCfg = Debug|Any CPU
		{6462023F-C30A-4C5B-8506-17AEB61E6FA4}.Debug|Any CPU.Build.0 = Debug|Any CPU
		{6462023F-C30A-4C5B-8506-17AEB61E6FA4}.Release|Any CPU.ActiveCfg = Release|Any CPU
		{6462023F-C30A-4C5B-8506-17AEB61E6FA4}.Release|Any CPU.Build.0 = Release|Any CPU
	EndGlobalSection
	GlobalSection(SolutionProperties) = preSolution
		HideSolutionNode = FALSE
	EndGlobalSection
	GlobalSection(ExtensibilityGlobals) = postSolution
		SolutionGuid = {516CFDF6-BAFB-4674-AD6A-9AB1659B5E54}
	EndGlobalSection
EndGlobal
